
Microsoft Visual Studio Solution File, Format Version 12.00
# Visual Studio Version 16
VisualStudioVersion = 16.0.29306.81
MinimumVisualStudioVersion = 10.0.40219.1
Project("{FAE04EC0-301F-11D3-BF4B-00C04F79EFBC}") = "ECC", "ECC.csproj", "{F2458DCD-670E-4789-B95B-F7E2FE2109EC}"
EndProject
Global
	GlobalSection(SolutionConfigurationPlatforms) = preSolution
		Debug|Any CPU = Debug|Any CPU
		Release|Any CPU = Release|Any CPU
	EndGlobalSection
	GlobalSection(ProjectConfigurationPlatforms) = postSolution
		{F2458DCD-670E-4789-B95B-F7E2FE2109EC}.Debug|Any CPU.ActiveCfg = Debug|Any CPU
		{F2458DCD-670E-4789-B95B-F7E2FE2109EC}.Debug|Any CPU.Build.0 = Debug|Any CPU
		{F2458DCD-670E-4789-B95B-F7E2FE2109EC}.Release|Any CPU.ActiveCfg = Release|Any CPU
		{F2458DCD-670E-4789-B95B-F7E2FE2109EC}.Release|Any CPU.Build.0 = Release|Any CPU
	EndGlobalSection
	GlobalSection(SolutionProperties) = preSolution
		HideSolutionNode = FALSE
	EndGlobalSection
	GlobalSection(ExtensibilityGlobals) = postSolution
		SolutionGuid = {56B81E9E-0DAE-4EEC-9980-C80265B97F50}
	EndGlobalSection
EndGlobal
